
Microsoft Visual Studio Solution File, Format Version 12.00
# Visual Studio Version 17
VisualStudioVersion = 17.14.36915.13 d17.14
MinimumVisualStudioVersion = 10.0.40219.1
Project("{FAE04EC0-301F-11D3-BF4B-00C04F79EFBC}") = "ApiImagenesAppVoluntario", "ApiImagenesAppVoluntario.csproj", "{50F24181-F06B-47B0-A4BF-FB92EA3263AE}"
EndProject
Global
	GlobalSection(SolutionConfigurationPlatforms) = preSolution
		Debug|Any CPU = Debug|Any CPU
		Release|Any CPU = Release|Any CPU
	EndGlobalSection
	GlobalSection(ProjectConfigurationPlatforms) = postSolution
		{50F24181-F06B-47B0-A4BF-FB92EA3263AE}.Debug|Any CPU.ActiveCfg = Debug|Any CPU
		{50F24181-F06B-47B0-A4BF-FB92EA3263AE}.Debug|Any CPU.Build.0 = Debug|Any CPU
		{50F24181-F06B-47B0-A4BF-FB92EA3263AE}.Release|Any CPU.ActiveCfg = Release|Any CPU
		{50F24181-F06B-47B0-A4BF-FB92EA3263AE}.Release|Any CPU.Build.0 = Release|Any CPU
	EndGlobalSection
	GlobalSection(SolutionProperties) = preSolution
		HideSolutionNode = FALSE
	EndGlobalSection
	GlobalSection(ExtensibilityGlobals) = postSolution
		SolutionGuid = {EDC80C55-1FE0-4616-86EA-CB7538F83BA3}
	EndGlobalSection
EndGlobal
